
Microsoft Visual Studio Solution File, Format Version 12.00
# Visual Studio Version 16
VisualStudioVersion = 16.0.31025.194
MinimumVisualStudioVersion = 10.0.40219.1
Project("{E24C65DC-7377-472B-9ABA-BC803B73C61A}") = "JSTutorials", "JSTutorials\", "{6E0E1D17-B457-4AC6-9C5E-DD23DC393D2A}"
	ProjectSection(WebsiteProperties) = preProject
		TargetFrameworkMoniker = ".NETFramework,Version%3Dv4.7.2"
		Debug.AspNetCompiler.VirtualPath = "/localhost_54638"
		Debug.AspNetCompiler.PhysicalPath = "JSTutorials\"
		Debug.AspNetCompiler.TargetPath = "PrecompiledWeb\localhost_54638\"
		Debug.AspNetCompiler.Updateable = "true"
		Debug.AspNetCompiler.ForceOverwrite = "true"
		Debug.AspNetCompiler.FixedNames = "false"
		Debug.AspNetCompiler.Debug = "True"
		Release.AspNetCompiler.VirtualPath = "/localhost_54638"
		Release.AspNetCompiler.PhysicalPath = "JSTutorials\"
		Release.AspNetCompiler.TargetPath = "PrecompiledWeb\localhost_54638\"
		Release.AspNetCompiler.Updateable = "true"
		Release.AspNetCompiler.ForceOverwrite = "true"
		Release.AspNetCompiler.FixedNames = "false"
		Release.AspNetCompiler.Debug = "False"
		VWDPort = "54638"
		SlnRelativePath = "JSTutorials\"
		DefaultWebSiteLanguage = "Visual C#"
	EndProjectSection
EndProject
Global
	GlobalSection(SolutionConfigurationPlatforms) = preSolution
		Debug|Any CPU = Debug|Any CPU
	EndGlobalSection
	GlobalSection(ProjectConfigurationPlatforms) = postSolution
		{6E0E1D17-B457-4AC6-9C5E-DD23DC393D2A}.Debug|Any CPU.ActiveCfg = Debug|Any CPU
		{6E0E1D17-B457-4AC6-9C5E-DD23DC393D2A}.Debug|Any CPU.Build.0 = Debug|Any CPU
	EndGlobalSection
	GlobalSection(SolutionProperties) = preSolution
		HideSolutionNode = FALSE
	EndGlobalSection
	GlobalSection(ExtensibilityGlobals) = postSolution
		SolutionGuid = {017B3036-B0AF-493A-BA04-495E7456C6E1}
	EndGlobalSection
EndGlobal
